
Microsoft Visual Studio Solution File, Format Version 12.00
# Visual Studio Version 16
VisualStudioVersion = 16.0.30804.86
MinimumVisualStudioVersion = 10.0.40219.1
Project("{8BC9CEB8-8B4A-11D0-8D11-00A0C91BC942}") = "PRO_test1", "PRO_test1\PRO_test1.vcxproj", "{610C3F08-1890-43DC-AB73-0A91906BD268}"
EndProject
Global
	GlobalSection(SolutionConfigurationPlatforms) = preSolution
		Debug|x64 = Debug|x64
		Debug|x86 = Debug|x86
		Release|x64 = Release|x64
		Release|x86 = Release|x86
	EndGlobalSection
	GlobalSection(ProjectConfigurationPlatforms) = postSolution
		{610C3F08-1890-43DC-AB73-0A91906BD268}.Debug|x64.ActiveCfg = Debug|x64
		{610C3F08-1890-43DC-AB73-0A91906BD268}.Debug|x64.Build.0 = Debug|x64
		{610C3F08-1890-43DC-AB73-0A91906BD268}.Debug|x86.ActiveCfg = Debug|Win32
		{610C3F08-1890-43DC-AB73-0A91906BD268}.Debug|x86.Build.0 = Debug|Win32
		{610C3F08-1890-43DC-AB73-0A91906BD268}.Release|x64.ActiveCfg = Release|x64
		{610C3F08-1890-43DC-AB73-0A91906BD268}.Release|x64.Build.0 = Release|x64
		{610C3F08-1890-43DC-AB73-0A91906BD268}.Release|x86.ActiveCfg = Release|Win32
		{610C3F08-1890-43DC-AB73-0A91906BD268}.Release|x86.Build.0 = Release|Win32
	EndGlobalSection
	GlobalSection(SolutionProperties) = preSolution
		HideSolutionNode = FALSE
	EndGlobalSection
	GlobalSection(ExtensibilityGlobals) = postSolution
		SolutionGuid = {90C4B7A0-4174-4093-8196-ECF17A5E918A}
	EndGlobalSection
EndGlobal
